# This file is automatically @generated by Cargo.
# It is not intended for manual editing.
version = 3

[[package]]
name = "daachorse"
version = "1.0.0-rc.1"
source = "registry+https://github.com/rust-lang/crates.io-index"
checksum = "9dee1cd6e1f1e56a73c6f35106a670659a0aaefac2c27f4771263a52971b9a1c"

[[package]]
name = "ultra-nlp"
version = "0.3.1"
dependencies = [
 "daachorse",
]
