# This file is automatically @generated by Cargo.
# It is not intended for manual editing.
version = 3

[[package]]
name = "daachorse"
version = "0.4.3"
source = "registry+https://github.com/rust-lang/crates.io-index"
checksum = "048e6559119e79b1d2964ddc0afdaaf583af18b6e3e1ab09ee5fb5e0b83fe7a5"

[[package]]
name = "ultra-nlp"
version = "0.2.0"
dependencies = [
 "daachorse",
]
